
Microsoft Visual Studio Solution File, Format Version 12.00
# Visual Studio Version 16
VisualStudioVersion = 16.0.35425.106
MinimumVisualStudioVersion = 10.0.40219.1
Project("{888888A0-9F3D-457C-B088-3A5042F75D52}") = "appG", "appG\appG.pyproj", "{BE96D8F2-510B-4E65-AC20-48FA99ACD348}"
EndProject
Global
	GlobalSection(SolutionConfigurationPlatforms) = preSolution
		Debug|Any CPU = Debug|Any CPU
		Release|Any CPU = Release|Any CPU
	EndGlobalSection
	GlobalSection(ProjectConfigurationPlatforms) = postSolution
		{BE96D8F2-510B-4E65-AC20-48FA99ACD348}.Debug|Any CPU.ActiveCfg = Debug|Any CPU
		{BE96D8F2-510B-4E65-AC20-48FA99ACD348}.Release|Any CPU.ActiveCfg = Release|Any CPU
	EndGlobalSection
	GlobalSection(SolutionProperties) = preSolution
		HideSolutionNode = FALSE
	EndGlobalSection
	GlobalSection(ExtensibilityGlobals) = postSolution
		SolutionGuid = {59217EE1-E5AD-456D-A194-DB0AAAB06F4A}
	EndGlobalSection
EndGlobal
